
Microsoft Visual Studio Solution File, Format Version 12.00
# Visual Studio Version 16
VisualStudioVersion = 16.0.29613.14
MinimumVisualStudioVersion = 10.0.40219.1
Project("{8BC9CEB8-8B4A-11D0-8D11-00A0C91BC942}") = "stm8gal", "stm8gal.vcxproj", "{C8D98AA3-F2AE-428E-A74E-6316A73D80CD}"
EndProject
Global
	GlobalSection(SolutionConfigurationPlatforms) = preSolution
		Debug|x64 = Debug|x64
		Debug|x86 = Debug|x86
		Release|x64 = Release|x64
		Release|x86 = Release|x86
	EndGlobalSection
	GlobalSection(ProjectConfigurationPlatforms) = postSolution
		{C8D98AA3-F2AE-428E-A74E-6316A73D80CD}.Debug|x64.ActiveCfg = Debug|x64
		{C8D98AA3-F2AE-428E-A74E-6316A73D80CD}.Debug|x64.Build.0 = Debug|x64
		{C8D98AA3-F2AE-428E-A74E-6316A73D80CD}.Debug|x86.ActiveCfg = Debug|Win32
		{C8D98AA3-F2AE-428E-A74E-6316A73D80CD}.Debug|x86.Build.0 = Debug|Win32
		{C8D98AA3-F2AE-428E-A74E-6316A73D80CD}.Release|x64.ActiveCfg = Release|x64
		{C8D98AA3-F2AE-428E-A74E-6316A73D80CD}.Release|x64.Build.0 = Release|x64
		{C8D98AA3-F2AE-428E-A74E-6316A73D80CD}.Release|x86.ActiveCfg = Release|Win32
		{C8D98AA3-F2AE-428E-A74E-6316A73D80CD}.Release|x86.Build.0 = Release|Win32
	EndGlobalSection
	GlobalSection(SolutionProperties) = preSolution
		HideSolutionNode = FALSE
	EndGlobalSection
	GlobalSection(ExtensibilityGlobals) = postSolution
		SolutionGuid = {8580D79E-2E71-433D-A8C3-BCBDCCB8E643}
	EndGlobalSection
EndGlobal
